
Microsoft Visual Studio Solution File, Format Version 12.00
# Visual Studio Version 16
VisualStudioVersion = 16.0.29418.71
MinimumVisualStudioVersion = 10.0.40219.1
Project("{8BC9CEB8-8B4A-11D0-8D11-00A0C91BC942}") = "Economics Calculator", "Economics Calculator.vcxproj", "{B485B5D0-A14B-484F-A4DB-CBEE75326A06}"
EndProject
Global
	GlobalSection(SolutionConfigurationPlatforms) = preSolution
		Debug|x64 = Debug|x64
		Debug|x86 = Debug|x86
		Release|x64 = Release|x64
		Release|x86 = Release|x86
	EndGlobalSection
	GlobalSection(ProjectConfigurationPlatforms) = postSolution
		{B485B5D0-A14B-484F-A4DB-CBEE75326A06}.Debug|x64.ActiveCfg = Debug|x64
		{B485B5D0-A14B-484F-A4DB-CBEE75326A06}.Debug|x64.Build.0 = Debug|x64
		{B485B5D0-A14B-484F-A4DB-CBEE75326A06}.Debug|x86.ActiveCfg = Debug|Win32
		{B485B5D0-A14B-484F-A4DB-CBEE75326A06}.Debug|x86.Build.0 = Debug|Win32
		{B485B5D0-A14B-484F-A4DB-CBEE75326A06}.Release|x64.ActiveCfg = Release|x64
		{B485B5D0-A14B-484F-A4DB-CBEE75326A06}.Release|x64.Build.0 = Release|x64
		{B485B5D0-A14B-484F-A4DB-CBEE75326A06}.Release|x86.ActiveCfg = Release|Win32
		{B485B5D0-A14B-484F-A4DB-CBEE75326A06}.Release|x86.Build.0 = Release|Win32
	EndGlobalSection
	GlobalSection(SolutionProperties) = preSolution
		HideSolutionNode = FALSE
	EndGlobalSection
	GlobalSection(ExtensibilityGlobals) = postSolution
		SolutionGuid = {3450EA53-C300-42F5-AEE2-740ECFD97813}
	EndGlobalSection
EndGlobal
